
Microsoft Visual Studio Solution File, Format Version 12.00
# Visual Studio Version 17
VisualStudioVersion = 17.14.36414.22 d17.14
MinimumVisualStudioVersion = 10.0.40219.1
Project("{FAE04EC0-301F-11D3-BF4B-00C04F79EFBC}") = "MoviesApi", "MoviesApi\MoviesApi.csproj", "{02AFE796-2E51-44F2-A03C-1B56FDDF2830}"
EndProject
Global
	GlobalSection(SolutionConfigurationPlatforms) = preSolution
		Debug|Any CPU = Debug|Any CPU
		Release|Any CPU = Release|Any CPU
	EndGlobalSection
	GlobalSection(ProjectConfigurationPlatforms) = postSolution
		{02AFE796-2E51-44F2-A03C-1B56FDDF2830}.Debug|Any CPU.ActiveCfg = Debug|Any CPU
		{02AFE796-2E51-44F2-A03C-1B56FDDF2830}.Debug|Any CPU.Build.0 = Debug|Any CPU
		{02AFE796-2E51-44F2-A03C-1B56FDDF2830}.Release|Any CPU.ActiveCfg = Release|Any CPU
		{02AFE796-2E51-44F2-A03C-1B56FDDF2830}.Release|Any CPU.Build.0 = Release|Any CPU
	EndGlobalSection
	GlobalSection(SolutionProperties) = preSolution
		HideSolutionNode = FALSE
	EndGlobalSection
	GlobalSection(ExtensibilityGlobals) = postSolution
		SolutionGuid = {461A9355-B308-4DD6-8C62-0AD85863CAC6}
	EndGlobalSection
EndGlobal
